
Microsoft Visual Studio Solution File, Format Version 12.00
# Visual Studio Version 17
VisualStudioVersion = 17.0.31903.59
MinimumVisualStudioVersion = 10.0.40219.1
Project("{2150E333-8FDC-42A3-9474-1A3956D46DE8}") = "src", "src", "{9FC22684-3215-4E3A-8FCA-BDE7BE53DC8C}"
EndProject
Project("{FAE04EC0-301F-11D3-BF4B-00C04F79EFBC}") = "Triangule.ConsoleApp", "src\Triangule.ConsoleApp\Triangule.ConsoleApp.csproj", "{C6293D31-31E6-4192-9FC8-0EA508B71181}"
EndProject
Global
	GlobalSection(SolutionConfigurationPlatforms) = preSolution
		Debug|Any CPU = Debug|Any CPU
		Release|Any CPU = Release|Any CPU
	EndGlobalSection
	GlobalSection(SolutionProperties) = preSolution
		HideSolutionNode = FALSE
	EndGlobalSection
	GlobalSection(ProjectConfigurationPlatforms) = postSolution
		{C6293D31-31E6-4192-9FC8-0EA508B71181}.Debug|Any CPU.ActiveCfg = Debug|Any CPU
		{C6293D31-31E6-4192-9FC8-0EA508B71181}.Debug|Any CPU.Build.0 = Debug|Any CPU
		{C6293D31-31E6-4192-9FC8-0EA508B71181}.Release|Any CPU.ActiveCfg = Release|Any CPU
		{C6293D31-31E6-4192-9FC8-0EA508B71181}.Release|Any CPU.Build.0 = Release|Any CPU
	EndGlobalSection
	GlobalSection(NestedProjects) = preSolution
		{C6293D31-31E6-4192-9FC8-0EA508B71181} = {9FC22684-3215-4E3A-8FCA-BDE7BE53DC8C}
	EndGlobalSection
EndGlobal
